
Microsoft Visual Studio Solution File, Format Version 12.00
# Visual Studio Version 17
VisualStudioVersion = 17.5.33502.453
MinimumVisualStudioVersion = 10.0.40219.1
Project("{9A19103F-16F7-4668-BE54-9A1E7A4F7556}") = "MTAdmob", "MTAdmob\MTAdmob.csproj", "{93FFEA0A-37ED-4CE1-B902-2098992AF15F}"
EndProject
Project("{FAE04EC0-301F-11D3-BF4B-00C04F79EFBC}") = "SampleMTAdmob.UWP", "Sample\SampleMTAdmob.UWP\SampleMTAdmob.UWP.csproj", "{2A92CC72-4300-46A3-AF91-1B3665184495}"
EndProject
Project("{FAE04EC0-301F-11D3-BF4B-00C04F79EFBC}") = "SampleMTAdmob.Android", "Sample\SampleMTAdmob.Android\SampleMTAdmob.Android.csproj", "{6CDD00FA-FC78-44B8-978B-87A8F7583BB0}"
EndProject
Project("{FAE04EC0-301F-11D3-BF4B-00C04F79EFBC}") = "SampleMTAdmob.iOS", "Sample\SampleMTAdmob.iOS\SampleMTAdmob.iOS.csproj", "{632E1272-C118-442D-89BA-09DA8E090BCF}"
EndProject
Project("{9A19103F-16F7-4668-BE54-9A1E7A4F7556}") = "SampleMTAdmob", "Sample\SampleMTAdmob\SampleMTAdmob.csproj", "{F933088F-417F-4470-A8DA-3AD30F56D518}"
EndProject
Project("{2150E333-8FDC-42A3-9474-1A3956D46DE8}") = "sample", "sample", "{214089F8-1138-4386-BCDB-E3412D05A8F9}"
EndProject
Project("{2150E333-8FDC-42A3-9474-1A3956D46DE8}") = "source", "source", "{BEACC45E-ADC1-43EE-9662-D162FE104203}"
EndProject
Project("{2150E333-8FDC-42A3-9474-1A3956D46DE8}") = "Solution Items", "Solution Items", "{F160B947-712E-4FD0-91E9-CBDEA2E9A51F}"
	ProjectSection(SolutionItems) = preProject
		LICENSE.txt = LICENSE.txt
		readme.md = readme.md
		MTAdmob\releases.txt = MTAdmob\releases.txt
	EndProjectSection
EndProject
Project("{2150E333-8FDC-42A3-9474-1A3956D46DE8}") = ".github", ".github", "{7C7A5364-DE95-4E63-ABDB-B135B30193FC}"
	ProjectSection(SolutionItems) = preProject
		FUNDING.yml = FUNDING.yml
	EndProjectSection
EndProject
Project("{2150E333-8FDC-42A3-9474-1A3956D46DE8}") = "mediation", "mediation", "{7E0FE204-33F2-436C-877F-78D0D8F396A8}"
EndProject
Project("{FAE04EC0-301F-11D3-BF4B-00C04F79EFBC}") = "MTMetaAudienceAdapter", "..\MTMediation\MTMetaAudienceAdapter\MTMetaAudienceAdapter.csproj", "{68250CCC-440F-48B3-9FF9-3BC5D4AE9CD3}"
EndProject
Project("{FAE04EC0-301F-11D3-BF4B-00C04F79EFBC}") = "MTMetaAudienceNetwork", "..\MTMediation\MTMetaAudienceNetwork\MTMetaAudienceNetwork.csproj", "{69382CEE-73E7-4E7A-A247-23A4B768D658}"
EndProject
Global
	GlobalSection(SolutionConfigurationPlatforms) = preSolution
		Debug|Any CPU = Debug|Any CPU
		Debug|ARM = Debug|ARM
		Debug|iPhone = Debug|iPhone
		Debug|iPhoneSimulator = Debug|iPhoneSimulator
		Debug|x64 = Debug|x64
		Debug|x86 = Debug|x86
		Release|Any CPU = Release|Any CPU
		Release|ARM = Release|ARM
		Release|iPhone = Release|iPhone
		Release|iPhoneSimulator = Release|iPhoneSimulator
		Release|x64 = Release|x64
		Release|x86 = Release|x86
	EndGlobalSection
	GlobalSection(ProjectConfigurationPlatforms) = postSolution
		{93FFEA0A-37ED-4CE1-B902-2098992AF15F}.Debug|Any CPU.ActiveCfg = Debug|Any CPU
		{93FFEA0A-37ED-4CE1-B902-2098992AF15F}.Debug|Any CPU.Build.0 = Debug|Any CPU
		{93FFEA0A-37ED-4CE1-B902-2098992AF15F}.Debug|ARM.ActiveCfg = Debug|Any CPU
		{93FFEA0A-37ED-4CE1-B902-2098992AF15F}.Debug|ARM.Build.0 = Debug|Any CPU
		{93FFEA0A-37ED-4CE1-B902-2098992AF15F}.Debug|iPhone.ActiveCfg = Debug|Any CPU
		{93FFEA0A-37ED-4CE1-B902-2098992AF15F}.Debug|iPhone.Build.0 = Debug|Any CPU
		{93FFEA0A-37ED-4CE1-B902-2098992AF15F}.Debug|iPhoneSimulator.ActiveCfg = Debug|Any CPU
		{93FFEA0A-37ED-4CE1-B902-2098992AF15F}.Debug|iPhoneSimulator.Build.0 = Debug|Any CPU
		{93FFEA0A-37ED-4CE1-B902-2098992AF15F}.Debug|x64.ActiveCfg = Debug|Any CPU
		{93FFEA0A-37ED-4CE1-B902-2098992AF15F}.Debug|x64.Build.0 = Debug|Any CPU
		{93FFEA0A-37ED-4CE1-B902-2098992AF15F}.Debug|x86.ActiveCfg = Debug|Any CPU
		{93FFEA0A-37ED-4CE1-B902-2098992AF15F}.Debug|x86.Build.0 = Debug|Any CPU
		{93FFEA0A-37ED-4CE1-B902-2098992AF15F}.Release|Any CPU.ActiveCfg = Release|Any CPU
		{93FFEA0A-37ED-4CE1-B902-2098992AF15F}.Release|Any CPU.Build.0 = Release|Any CPU
		{93FFEA0A-37ED-4CE1-B902-2098992AF15F}.Release|ARM.ActiveCfg = Release|Any CPU
		{93FFEA0A-37ED-4CE1-B902-2098992AF15F}.Release|ARM.Build.0 = Release|Any CPU
		{93FFEA0A-37ED-4CE1-B902-2098992AF15F}.Release|iPhone.ActiveCfg = Release|Any CPU
		{93FFEA0A-37ED-4CE1-B902-2098992AF15F}.Release|iPhone.Build.0 = Release|Any CPU
		{93FFEA0A-37ED-4CE1-B902-2098992AF15F}.Release|iPhoneSimulator.ActiveCfg = Release|Any CPU
		{93FFEA0A-37ED-4CE1-B902-2098992AF15F}.Release|iPhoneSimulator.Build.0 = Release|Any CPU
		{93FFEA0A-37ED-4CE1-B902-2098992AF15F}.Release|x64.ActiveCfg = Release|Any CPU
		{93FFEA0A-37ED-4CE1-B902-2098992AF15F}.Release|x64.Build.0 = Release|Any CPU
		{93FFEA0A-37ED-4CE1-B902-2098992AF15F}.Release|x86.ActiveCfg = Release|Any CPU
		{93FFEA0A-37ED-4CE1-B902-2098992AF15F}.Release|x86.Build.0 = Release|Any CPU
		{2A92CC72-4300-46A3-AF91-1B3665184495}.Debug|Any CPU.ActiveCfg = Debug|x86
		{2A92CC72-4300-46A3-AF91-1B3665184495}.Debug|ARM.ActiveCfg = Debug|ARM
		{2A92CC72-4300-46A3-AF91-1B3665184495}.Debug|ARM.Build.0 = Debug|ARM
		{2A92CC72-4300-46A3-AF91-1B3665184495}.Debug|ARM.Deploy.0 = Debug|ARM
		{2A92CC72-4300-46A3-AF91-1B3665184495}.Debug|iPhone.ActiveCfg = Debug|x86
		{2A92CC72-4300-46A3-AF91-1B3665184495}.Debug|iPhoneSimulator.ActiveCfg = Debug|x86
		{2A92CC72-4300-46A3-AF91-1B3665184495}.Debug|x64.ActiveCfg = Debug|x64
		{2A92CC72-4300-46A3-AF91-1B3665184495}.Debug|x64.Build.0 = Debug|x64
		{2A92CC72-4300-46A3-AF91-1B3665184495}.Debug|x64.Deploy.0 = Debug|x64
		{2A92CC72-4300-46A3-AF91-1B3665184495}.Debug|x86.ActiveCfg = Debug|x86
		{2A92CC72-4300-46A3-AF91-1B3665184495}.Debug|x86.Build.0 = Debug|x86
		{2A92CC72-4300-46A3-AF91-1B3665184495}.Debug|x86.Deploy.0 = Debug|x86
		{2A92CC72-4300-46A3-AF91-1B3665184495}.Release|Any CPU.ActiveCfg = Release|x86
		{2A92CC72-4300-46A3-AF91-1B3665184495}.Release|ARM.ActiveCfg = Release|ARM
		{2A92CC72-4300-46A3-AF91-1B3665184495}.Release|ARM.Build.0 = Release|ARM
		{2A92CC72-4300-46A3-AF91-1B3665184495}.Release|ARM.Deploy.0 = Release|ARM
		{2A92CC72-4300-46A3-AF91-1B3665184495}.Release|iPhone.ActiveCfg = Release|x86
		{2A92CC72-4300-46A3-AF91-1B3665184495}.Release|iPhoneSimulator.ActiveCfg = Release|x86
		{2A92CC72-4300-46A3-AF91-1B3665184495}.Release|x64.ActiveCfg = Release|x64
		{2A92CC72-4300-46A3-AF91-1B3665184495}.Release|x64.Build.0 = Release|x64
		{2A92CC72-4300-46A3-AF91-1B3665184495}.Release|x64.Deploy.0 = Release|x64
		{2A92CC72-4300-46A3-AF91-1B3665184495}.Release|x86.ActiveCfg = Release|x86
		{2A92CC72-4300-46A3-AF91-1B3665184495}.Release|x86.Build.0 = Release|x86
		{2A92CC72-4300-46A3-AF91-1B3665184495}.Release|x86.Deploy.0 = Release|x86
		{6CDD00FA-FC78-44B8-978B-87A8F7583BB0}.Debug|Any CPU.ActiveCfg = Debug|Any CPU
		{6CDD00FA-FC78-44B8-978B-87A8F7583BB0}.Debug|Any CPU.Build.0 = Debug|Any CPU
		{6CDD00FA-FC78-44B8-978B-87A8F7583BB0}.Debug|Any CPU.Deploy.0 = Debug|Any CPU
		{6CDD00FA-FC78-44B8-978B-87A8F7583BB0}.Debug|ARM.ActiveCfg = Debug|Any CPU
		{6CDD00FA-FC78-44B8-978B-87A8F7583BB0}.Debug|ARM.Build.0 = Debug|Any CPU
		{6CDD00FA-FC78-44B8-978B-87A8F7583BB0}.Debug|ARM.Deploy.0 = Debug|Any CPU
		{6CDD00FA-FC78-44B8-978B-87A8F7583BB0}.Debug|iPhone.ActiveCfg = Debug|Any CPU
		{6CDD00FA-FC78-44B8-978B-87A8F7583BB0}.Debug|iPhoneSimulator.ActiveCfg = Debug|Any CPU
		{6CDD00FA-FC78-44B8-978B-87A8F7583BB0}.Debug|iPhoneSimulator.Build.0 = Debug|Any CPU
		{6CDD00FA-FC78-44B8-978B-87A8F7583BB0}.Debug|iPhoneSimulator.Deploy.0 = Debug|Any CPU
		{6CDD00FA-FC78-44B8-978B-87A8F7583BB0}.Debug|x64.ActiveCfg = Debug|Any CPU
		{6CDD00FA-FC78-44B8-978B-87A8F7583BB0}.Debug|x64.Build.0 = Debug|Any CPU
		{6CDD00FA-FC78-44B8-978B-87A8F7583BB0}.Debug|x64.Deploy.0 = Debug|Any CPU
		{6CDD00FA-FC78-44B8-978B-87A8F7583BB0}.Debug|x86.ActiveCfg = Debug|Any CPU
		{6CDD00FA-FC78-44B8-978B-87A8F7583BB0}.Debug|x86.Build.0 = Debug|Any CPU
		{6CDD00FA-FC78-44B8-978B-87A8F7583BB0}.Debug|x86.Deploy.0 = Debug|Any CPU
		{6CDD00FA-FC78-44B8-978B-87A8F7583BB0}.Release|Any CPU.ActiveCfg = Release|Any CPU
		{6CDD00FA-FC78-44B8-978B-87A8F7583BB0}.Release|Any CPU.Build.0 = Release|Any CPU
		{6CDD00FA-FC78-44B8-978B-87A8F7583BB0}.Release|Any CPU.Deploy.0 = Release|Any CPU
		{6CDD00FA-FC78-44B8-978B-87A8F7583BB0}.Release|ARM.ActiveCfg = Release|Any CPU
		{6CDD00FA-FC78-44B8-978B-87A8F7583BB0}.Release|ARM.Build.0 = Release|Any CPU
		{6CDD00FA-FC78-44B8-978B-87A8F7583BB0}.Release|ARM.Deploy.0 = Release|Any CPU
		{6CDD00FA-FC78-44B8-978B-87A8F7583BB0}.Release|iPhone.ActiveCfg = Release|Any CPU
		{6CDD00FA-FC78-44B8-978B-87A8F7583BB0}.Release|iPhone.Build.0 = Release|Any CPU
		{6CDD00FA-FC78-44B8-978B-87A8F7583BB0}.Release|iPhone.Deploy.0 = Release|Any CPU
		{6CDD00FA-FC78-44B8-978B-87A8F7583BB0}.Release|iPhoneSimulator.ActiveCfg = Release|Any CPU
		{6CDD00FA-FC78-44B8-978B-87A8F7583BB0}.Release|iPhoneSimulator.Build.0 = Release|Any CPU
		{6CDD00FA-FC78-44B8-978B-87A8F7583BB0}.Release|iPhoneSimulator.Deploy.0 = Release|Any CPU
		{6CDD00FA-FC78-44B8-978B-87A8F7583BB0}.Release|x64.ActiveCfg = Release|Any CPU
		{6CDD00FA-FC78-44B8-978B-87A8F7583BB0}.Release|x64.Build.0 = Release|Any CPU
		{6CDD00FA-FC78-44B8-978B-87A8F7583BB0}.Release|x64.Deploy.0 = Release|Any CPU
		{6CDD00FA-FC78-44B8-978B-87A8F7583BB0}.Release|x86.ActiveCfg = Release|Any CPU
		{6CDD00FA-FC78-44B8-978B-87A8F7583BB0}.Release|x86.Build.0 = Release|Any CPU
		{6CDD00FA-FC78-44B8-978B-87A8F7583BB0}.Release|x86.Deploy.0 = Release|Any CPU
		{632E1272-C118-442D-89BA-09DA8E090BCF}.Debug|Any CPU.ActiveCfg = Debug|iPhone
		{632E1272-C118-442D-89BA-09DA8E090BCF}.Debug|ARM.ActiveCfg = Debug|iPhone
		{632E1272-C118-442D-89BA-09DA8E090BCF}.Debug|iPhone.ActiveCfg = Debug|iPhone
		{632E1272-C118-442D-89BA-09DA8E090BCF}.Debug|iPhone.Build.0 = Debug|iPhone
		{632E1272-C118-442D-89BA-09DA8E090BCF}.Debug|iPhone.Deploy.0 = Debug|iPhone
		{632E1272-C118-442D-89BA-09DA8E090BCF}.Debug|iPhoneSimulator.ActiveCfg = Debug|iPhoneSimulator
		{632E1272-C118-442D-89BA-09DA8E090BCF}.Debug|iPhoneSimulator.Build.0 = Debug|iPhoneSimulator
		{632E1272-C118-442D-89BA-09DA8E090BCF}.Debug|x64.ActiveCfg = Debug|iPhone
		{632E1272-C118-442D-89BA-09DA8E090BCF}.Debug|x86.ActiveCfg = Debug|iPhone
		{632E1272-C118-442D-89BA-09DA8E090BCF}.Release|Any CPU.ActiveCfg = Release|iPhone
		{632E1272-C118-442D-89BA-09DA8E090BCF}.Release|ARM.ActiveCfg = Release|iPhone
		{632E1272-C118-442D-89BA-09DA8E090BCF}.Release|iPhone.ActiveCfg = Release|iPhone
		{632E1272-C118-442D-89BA-09DA8E090BCF}.Release|iPhone.Build.0 = Release|iPhone
		{632E1272-C118-442D-89BA-09DA8E090BCF}.Release|iPhoneSimulator.ActiveCfg = Release|iPhoneSimulator
		{632E1272-C118-442D-89BA-09DA8E090BCF}.Release|iPhoneSimulator.Build.0 = Release|iPhoneSimulator
		{632E1272-C118-442D-89BA-09DA8E090BCF}.Release|x64.ActiveCfg = Release|iPhone
		{632E1272-C118-442D-89BA-09DA8E090BCF}.Release|x86.ActiveCfg = Release|iPhone
		{F933088F-417F-4470-A8DA-3AD30F56D518}.Debug|Any CPU.ActiveCfg = Debug|Any CPU
		{F933088F-417F-4470-A8DA-3AD30F56D518}.Debug|Any CPU.Build.0 = Debug|Any CPU
		{F933088F-417F-4470-A8DA-3AD30F56D518}.Debug|ARM.ActiveCfg = Debug|Any CPU
		{F933088F-417F-4470-A8DA-3AD30F56D518}.Debug|ARM.Build.0 = Debug|Any CPU
		{F933088F-417F-4470-A8DA-3AD30F56D518}.Debug|iPhone.ActiveCfg = Debug|Any CPU
		{F933088F-417F-4470-A8DA-3AD30F56D518}.Debug|iPhone.Build.0 = Debug|Any CPU
		{F933088F-417F-4470-A8DA-3AD30F56D518}.Debug|iPhoneSimulator.ActiveCfg = Debug|Any CPU
		{F933088F-417F-4470-A8DA-3AD30F56D518}.Debug|iPhoneSimulator.Build.0 = Debug|Any CPU
		{F933088F-417F-4470-A8DA-3AD30F56D518}.Debug|x64.ActiveCfg = Debug|Any CPU
		{F933088F-417F-4470-A8DA-3AD30F56D518}.Debug|x64.Build.0 = Debug|Any CPU
		{F933088F-417F-4470-A8DA-3AD30F56D518}.Debug|x86.ActiveCfg = Debug|Any CPU
		{F933088F-417F-4470-A8DA-3AD30F56D518}.Debug|x86.Build.0 = Debug|Any CPU
		{F933088F-417F-4470-A8DA-3AD30F56D518}.Release|Any CPU.ActiveCfg = Release|Any CPU
		{F933088F-417F-4470-A8DA-3AD30F56D518}.Release|Any CPU.Build.0 = Release|Any CPU
		{F933088F-417F-4470-A8DA-3AD30F56D518}.Release|ARM.ActiveCfg = Release|Any CPU
		{F933088F-417F-4470-A8DA-3AD30F56D518}.Release|ARM.Build.0 = Release|Any CPU
		{F933088F-417F-4470-A8DA-3AD30F56D518}.Release|iPhone.ActiveCfg = Release|Any CPU
		{F933088F-417F-4470-A8DA-3AD30F56D518}.Release|iPhone.Build.0 = Release|Any CPU
		{F933088F-417F-4470-A8DA-3AD30F56D518}.Release|iPhoneSimulator.ActiveCfg = Release|Any CPU
		{F933088F-417F-4470-A8DA-3AD30F56D518}.Release|iPhoneSimulator.Build.0 = Release|Any CPU
		{F933088F-417F-4470-A8DA-3AD30F56D518}.Release|x64.ActiveCfg = Release|Any CPU
		{F933088F-417F-4470-A8DA-3AD30F56D518}.Release|x64.Build.0 = Release|Any CPU
		{F933088F-417F-4470-A8DA-3AD30F56D518}.Release|x86.ActiveCfg = Release|Any CPU
		{F933088F-417F-4470-A8DA-3AD30F56D518}.Release|x86.Build.0 = Release|Any CPU
		{68250CCC-440F-48B3-9FF9-3BC5D4AE9CD3}.Debug|Any CPU.ActiveCfg = Debug|Any CPU
		{68250CCC-440F-48B3-9FF9-3BC5D4AE9CD3}.Debug|Any CPU.Build.0 = Debug|Any CPU
		{68250CCC-440F-48B3-9FF9-3BC5D4AE9CD3}.Debug|ARM.ActiveCfg = Debug|Any CPU
		{68250CCC-440F-48B3-9FF9-3BC5D4AE9CD3}.Debug|ARM.Build.0 = Debug|Any CPU
		{68250CCC-440F-48B3-9FF9-3BC5D4AE9CD3}.Debug|iPhone.ActiveCfg = Debug|Any CPU
		{68250CCC-440F-48B3-9FF9-3BC5D4AE9CD3}.Debug|iPhone.Build.0 = Debug|Any CPU
		{68250CCC-440F-48B3-9FF9-3BC5D4AE9CD3}.Debug|iPhoneSimulator.ActiveCfg = Debug|Any CPU
		{68250CCC-440F-48B3-9FF9-3BC5D4AE9CD3}.Debug|iPhoneSimulator.Build.0 = Debug|Any CPU
		{68250CCC-440F-48B3-9FF9-3BC5D4AE9CD3}.Debug|x64.ActiveCfg = Debug|Any CPU
		{68250CCC-440F-48B3-9FF9-3BC5D4AE9CD3}.Debug|x64.Build.0 = Debug|Any CPU
		{68250CCC-440F-48B3-9FF9-3BC5D4AE9CD3}.Debug|x86.ActiveCfg = Debug|Any CPU
		{68250CCC-440F-48B3-9FF9-3BC5D4AE9CD3}.Debug|x86.Build.0 = Debug|Any CPU
		{68250CCC-440F-48B3-9FF9-3BC5D4AE9CD3}.Release|Any CPU.ActiveCfg = Release|Any CPU
		{68250CCC-440F-48B3-9FF9-3BC5D4AE9CD3}.Release|Any CPU.Build.0 = Release|Any CPU
		{68250CCC-440F-48B3-9FF9-3BC5D4AE9CD3}.Release|ARM.ActiveCfg = Release|Any CPU
		{68250CCC-440F-48B3-9FF9-3BC5D4AE9CD3}.Release|ARM.Build.0 = Release|Any CPU
		{68250CCC-440F-48B3-9FF9-3BC5D4AE9CD3}.Release|iPhone.ActiveCfg = Release|Any CPU
		{68250CCC-440F-48B3-9FF9-3BC5D4AE9CD3}.Release|iPhone.Build.0 = Release|Any CPU
		{68250CCC-440F-48B3-9FF9-3BC5D4AE9CD3}.Release|iPhoneSimulator.ActiveCfg = Release|Any CPU
		{68250CCC-440F-48B3-9FF9-3BC5D4AE9CD3}.Release|iPhoneSimulator.Build.0 = Release|Any CPU
		{68250CCC-440F-48B3-9FF9-3BC5D4AE9CD3}.Release|x64.ActiveCfg = Release|Any CPU
		{68250CCC-440F-48B3-9FF9-3BC5D4AE9CD3}.Release|x64.Build.0 = Release|Any CPU
		{68250CCC-440F-48B3-9FF9-3BC5D4AE9CD3}.Release|x86.ActiveCfg = Release|Any CPU
		{68250CCC-440F-48B3-9FF9-3BC5D4AE9CD3}.Release|x86.Build.0 = Release|Any CPU
		{69382CEE-73E7-4E7A-A247-23A4B768D658}.Debug|Any CPU.ActiveCfg = Debug|Any CPU
		{69382CEE-73E7-4E7A-A247-23A4B768D658}.Debug|Any CPU.Build.0 = Debug|Any CPU
		{69382CEE-73E7-4E7A-A247-23A4B768D658}.Debug|ARM.ActiveCfg = Debug|Any CPU
		{69382CEE-73E7-4E7A-A247-23A4B768D658}.Debug|ARM.Build.0 = Debug|Any CPU
		{69382CEE-73E7-4E7A-A247-23A4B768D658}.Debug|iPhone.ActiveCfg = Debug|Any CPU
		{69382CEE-73E7-4E7A-A247-23A4B768D658}.Debug|iPhone.Build.0 = Debug|Any CPU
		{69382CEE-73E7-4E7A-A247-23A4B768D658}.Debug|iPhoneSimulator.ActiveCfg = Debug|Any CPU
		{69382CEE-73E7-4E7A-A247-23A4B768D658}.Debug|iPhoneSimulator.Build.0 = Debug|Any CPU
		{69382CEE-73E7-4E7A-A247-23A4B768D658}.Debug|x64.ActiveCfg = Debug|Any CPU
		{69382CEE-73E7-4E7A-A247-23A4B768D658}.Debug|x64.Build.0 = Debug|Any CPU
		{69382CEE-73E7-4E7A-A247-23A4B768D658}.Debug|x86.ActiveCfg = Debug|Any CPU
		{69382CEE-73E7-4E7A-A247-23A4B768D658}.Debug|x86.Build.0 = Debug|Any CPU
		{69382CEE-73E7-4E7A-A247-23A4B768D658}.Release|Any CPU.ActiveCfg = Release|Any CPU
		{69382CEE-73E7-4E7A-A247-23A4B768D658}.Release|Any CPU.Build.0 = Release|Any CPU
		{69382CEE-73E7-4E7A-A247-23A4B768D658}.Release|ARM.ActiveCfg = Release|Any CPU
		{69382CEE-73E7-4E7A-A247-23A4B768D658}.Release|ARM.Build.0 = Release|Any CPU
		{69382CEE-73E7-4E7A-A247-23A4B768D658}.Release|iPhone.ActiveCfg = Release|Any CPU
		{69382CEE-73E7-4E7A-A247-23A4B768D658}.Release|iPhone.Build.0 = Release|Any CPU
		{69382CEE-73E7-4E7A-A247-23A4B768D658}.Release|iPhoneSimulator.ActiveCfg = Release|Any CPU
		{69382CEE-73E7-4E7A-A247-23A4B768D658}.Release|iPhoneSimulator.Build.0 = Release|Any CPU
		{69382CEE-73E7-4E7A-A247-23A4B768D658}.Release|x64.ActiveCfg = Release|Any CPU
		{69382CEE-73E7-4E7A-A247-23A4B768D658}.Release|x64.Build.0 = Release|Any CPU
		{69382CEE-73E7-4E7A-A247-23A4B768D658}.Release|x86.ActiveCfg = Release|Any CPU
		{69382CEE-73E7-4E7A-A247-23A4B768D658}.Release|x86.Build.0 = Release|Any CPU
	EndGlobalSection
	GlobalSection(SolutionProperties) = preSolution
		HideSolutionNode = FALSE
	EndGlobalSection
	GlobalSection(NestedProjects) = preSolution
		{93FFEA0A-37ED-4CE1-B902-2098992AF15F} = {BEACC45E-ADC1-43EE-9662-D162FE104203}
		{2A92CC72-4300-46A3-AF91-1B3665184495} = {214089F8-1138-4386-BCDB-E3412D05A8F9}
		{6CDD00FA-FC78-44B8-978B-87A8F7583BB0} = {214089F8-1138-4386-BCDB-E3412D05A8F9}
		{632E1272-C118-442D-89BA-09DA8E090BCF} = {214089F8-1138-4386-BCDB-E3412D05A8F9}
		{F933088F-417F-4470-A8DA-3AD30F56D518} = {214089F8-1138-4386-BCDB-E3412D05A8F9}
		{7C7A5364-DE95-4E63-ABDB-B135B30193FC} = {F160B947-712E-4FD0-91E9-CBDEA2E9A51F}
		{68250CCC-440F-48B3-9FF9-3BC5D4AE9CD3} = {7E0FE204-33F2-436C-877F-78D0D8F396A8}
		{69382CEE-73E7-4E7A-A247-23A4B768D658} = {7E0FE204-33F2-436C-877F-78D0D8F396A8}
	EndGlobalSection
	GlobalSection(ExtensibilityGlobals) = postSolution
		SolutionGuid = {DA9795CB-4D47-40B4-AB02-922F6321F2E7}
	EndGlobalSection
EndGlobal
