
Microsoft Visual Studio Solution File, Format Version 12.00
# Visual Studio Version 16
VisualStudioVersion = 16.0.29409.12
MinimumVisualStudioVersion = 10.0.40219.1
Project("{9A19103F-16F7-4668-BE54-9A1E7A4F7556}") = "SampleMTAdmob", "SampleMTAdmob\SampleMTAdmob.csproj", "{2D510938-A308-4C82-92F8-4A01C077B19C}"
EndProject
Project("{FAE04EC0-301F-11D3-BF4B-00C04F79EFBC}") = "SampleMTAdmob.Android", "SampleMTAdmob.Android\SampleMTAdmob.Android.csproj", "{6CDD00FA-FC78-44B8-978B-87A8F7583BB0}"
EndProject
Project("{FAE04EC0-301F-11D3-BF4B-00C04F79EFBC}") = "SampleMTAdmob.iOS", "SampleMTAdmob.iOS\SampleMTAdmob.iOS.csproj", "{632E1272-C118-442D-89BA-09DA8E090BCF}"
EndProject
Project("{FAE04EC0-301F-11D3-BF4B-00C04F79EFBC}") = "SampleMTAdmob.UWP", "SampleMTAdmob.UWP\SampleMTAdmob.UWP.csproj", "{2A92CC72-4300-46A3-AF91-1B3665184495}"
EndProject
Global
	GlobalSection(SolutionConfigurationPlatforms) = preSolution
		Debug|Any CPU = Debug|Any CPU
		Debug|ARM = Debug|ARM
		Debug|iPhone = Debug|iPhone
		Debug|iPhoneSimulator = Debug|iPhoneSimulator
		Debug|x64 = Debug|x64
		Debug|x86 = Debug|x86
		Release|Any CPU = Release|Any CPU
		Release|ARM = Release|ARM
		Release|iPhone = Release|iPhone
		Release|iPhoneSimulator = Release|iPhoneSimulator
		Release|x64 = Release|x64
		Release|x86 = Release|x86
	EndGlobalSection
	GlobalSection(ProjectConfigurationPlatforms) = postSolution
		{2D510938-A308-4C82-92F8-4A01C077B19C}.Debug|Any CPU.ActiveCfg = Debug|Any CPU
		{2D510938-A308-4C82-92F8-4A01C077B19C}.Debug|Any CPU.Build.0 = Debug|Any CPU
		{2D510938-A308-4C82-92F8-4A01C077B19C}.Debug|ARM.ActiveCfg = Debug|Any CPU
		{2D510938-A308-4C82-92F8-4A01C077B19C}.Debug|ARM.Build.0 = Debug|Any CPU
		{2D510938-A308-4C82-92F8-4A01C077B19C}.Debug|iPhone.ActiveCfg = Debug|Any CPU
		{2D510938-A308-4C82-92F8-4A01C077B19C}.Debug|iPhone.Build.0 = Debug|Any CPU
		{2D510938-A308-4C82-92F8-4A01C077B19C}.Debug|iPhoneSimulator.ActiveCfg = Debug|Any CPU
		{2D510938-A308-4C82-92F8-4A01C077B19C}.Debug|iPhoneSimulator.Build.0 = Debug|Any CPU
		{2D510938-A308-4C82-92F8-4A01C077B19C}.Debug|x64.ActiveCfg = Debug|Any CPU
		{2D510938-A308-4C82-92F8-4A01C077B19C}.Debug|x64.Build.0 = Debug|Any CPU
		{2D510938-A308-4C82-92F8-4A01C077B19C}.Debug|x86.ActiveCfg = Debug|Any CPU
		{2D510938-A308-4C82-92F8-4A01C077B19C}.Debug|x86.Build.0 = Debug|Any CPU
		{2D510938-A308-4C82-92F8-4A01C077B19C}.Release|Any CPU.ActiveCfg = Release|Any CPU
		{2D510938-A308-4C82-92F8-4A01C077B19C}.Release|Any CPU.Build.0 = Release|Any CPU
		{2D510938-A308-4C82-92F8-4A01C077B19C}.Release|ARM.ActiveCfg = Release|Any CPU
		{2D510938-A308-4C82-92F8-4A01C077B19C}.Release|ARM.Build.0 = Release|Any CPU
		{2D510938-A308-4C82-92F8-4A01C077B19C}.Release|iPhone.ActiveCfg = Release|Any CPU
		{2D510938-A308-4C82-92F8-4A01C077B19C}.Release|iPhone.Build.0 = Release|Any CPU
		{2D510938-A308-4C82-92F8-4A01C077B19C}.Release|iPhoneSimulator.ActiveCfg = Release|Any CPU
		{2D510938-A308-4C82-92F8-4A01C077B19C}.Release|iPhoneSimulator.Build.0 = Release|Any CPU
		{2D510938-A308-4C82-92F8-4A01C077B19C}.Release|x64.ActiveCfg = Release|Any CPU
		{2D510938-A308-4C82-92F8-4A01C077B19C}.Release|x64.Build.0 = Release|Any CPU
		{2D510938-A308-4C82-92F8-4A01C077B19C}.Release|x86.ActiveCfg = Release|Any CPU
		{2D510938-A308-4C82-92F8-4A01C077B19C}.Release|x86.Build.0 = Release|Any CPU
		{6CDD00FA-FC78-44B8-978B-87A8F7583BB0}.Debug|Any CPU.ActiveCfg = Debug|Any CPU
		{6CDD00FA-FC78-44B8-978B-87A8F7583BB0}.Debug|Any CPU.Build.0 = Debug|Any CPU
		{6CDD00FA-FC78-44B8-978B-87A8F7583BB0}.Debug|Any CPU.Deploy.0 = Debug|Any CPU
		{6CDD00FA-FC78-44B8-978B-87A8F7583BB0}.Debug|ARM.ActiveCfg = Debug|Any CPU
		{6CDD00FA-FC78-44B8-978B-87A8F7583BB0}.Debug|ARM.Build.0 = Debug|Any CPU
		{6CDD00FA-FC78-44B8-978B-87A8F7583BB0}.Debug|ARM.Deploy.0 = Debug|Any CPU
		{6CDD00FA-FC78-44B8-978B-87A8F7583BB0}.Debug|iPhone.ActiveCfg = Debug|Any CPU
		{6CDD00FA-FC78-44B8-978B-87A8F7583BB0}.Debug|iPhone.Build.0 = Debug|Any CPU
		{6CDD00FA-FC78-44B8-978B-87A8F7583BB0}.Debug|iPhone.Deploy.0 = Debug|Any CPU
		{6CDD00FA-FC78-44B8-978B-87A8F7583BB0}.Debug|iPhoneSimulator.ActiveCfg = Debug|Any CPU
		{6CDD00FA-FC78-44B8-978B-87A8F7583BB0}.Debug|iPhoneSimulator.Build.0 = Debug|Any CPU
		{6CDD00FA-FC78-44B8-978B-87A8F7583BB0}.Debug|iPhoneSimulator.Deploy.0 = Debug|Any CPU
		{6CDD00FA-FC78-44B8-978B-87A8F7583BB0}.Debug|x64.ActiveCfg = Debug|Any CPU
		{6CDD00FA-FC78-44B8-978B-87A8F7583BB0}.Debug|x64.Build.0 = Debug|Any CPU
		{6CDD00FA-FC78-44B8-978B-87A8F7583BB0}.Debug|x64.Deploy.0 = Debug|Any CPU
		{6CDD00FA-FC78-44B8-978B-87A8F7583BB0}.Debug|x86.ActiveCfg = Debug|Any CPU
		{6CDD00FA-FC78-44B8-978B-87A8F7583BB0}.Debug|x86.Build.0 = Debug|Any CPU
		{6CDD00FA-FC78-44B8-978B-87A8F7583BB0}.Debug|x86.Deploy.0 = Debug|Any CPU
		{6CDD00FA-FC78-44B8-978B-87A8F7583BB0}.Release|Any CPU.ActiveCfg = Release|Any CPU
		{6CDD00FA-FC78-44B8-978B-87A8F7583BB0}.Release|Any CPU.Build.0 = Release|Any CPU
		{6CDD00FA-FC78-44B8-978B-87A8F7583BB0}.Release|Any CPU.Deploy.0 = Release|Any CPU
		{6CDD00FA-FC78-44B8-978B-87A8F7583BB0}.Release|ARM.ActiveCfg = Release|Any CPU
		{6CDD00FA-FC78-44B8-978B-87A8F7583BB0}.Release|ARM.Build.0 = Release|Any CPU
		{6CDD00FA-FC78-44B8-978B-87A8F7583BB0}.Release|ARM.Deploy.0 = Release|Any CPU
		{6CDD00FA-FC78-44B8-978B-87A8F7583BB0}.Release|iPhone.ActiveCfg = Release|Any CPU
		{6CDD00FA-FC78-44B8-978B-87A8F7583BB0}.Release|iPhone.Build.0 = Release|Any CPU
		{6CDD00FA-FC78-44B8-978B-87A8F7583BB0}.Release|iPhone.Deploy.0 = Release|Any CPU
		{6CDD00FA-FC78-44B8-978B-87A8F7583BB0}.Release|iPhoneSimulator.ActiveCfg = Release|Any CPU
		{6CDD00FA-FC78-44B8-978B-87A8F7583BB0}.Release|iPhoneSimulator.Build.0 = Release|Any CPU
		{6CDD00FA-FC78-44B8-978B-87A8F7583BB0}.Release|iPhoneSimulator.Deploy.0 = Release|Any CPU
		{6CDD00FA-FC78-44B8-978B-87A8F7583BB0}.Release|x64.ActiveCfg = Release|Any CPU
		{6CDD00FA-FC78-44B8-978B-87A8F7583BB0}.Release|x64.Build.0 = Release|Any CPU
		{6CDD00FA-FC78-44B8-978B-87A8F7583BB0}.Release|x64.Deploy.0 = Release|Any CPU
		{6CDD00FA-FC78-44B8-978B-87A8F7583BB0}.Release|x86.ActiveCfg = Release|Any CPU
		{6CDD00FA-FC78-44B8-978B-87A8F7583BB0}.Release|x86.Build.0 = Release|Any CPU
		{6CDD00FA-FC78-44B8-978B-87A8F7583BB0}.Release|x86.Deploy.0 = Release|Any CPU
		{632E1272-C118-442D-89BA-09DA8E090BCF}.Debug|Any CPU.ActiveCfg = Debug|iPhone
		{632E1272-C118-442D-89BA-09DA8E090BCF}.Debug|ARM.ActiveCfg = Debug|iPhone
		{632E1272-C118-442D-89BA-09DA8E090BCF}.Debug|iPhone.ActiveCfg = Debug|iPhone
		{632E1272-C118-442D-89BA-09DA8E090BCF}.Debug|iPhone.Build.0 = Debug|iPhone
		{632E1272-C118-442D-89BA-09DA8E090BCF}.Debug|iPhoneSimulator.ActiveCfg = Debug|iPhoneSimulator
		{632E1272-C118-442D-89BA-09DA8E090BCF}.Debug|iPhoneSimulator.Build.0 = Debug|iPhoneSimulator
		{632E1272-C118-442D-89BA-09DA8E090BCF}.Debug|x64.ActiveCfg = Debug|iPhone
		{632E1272-C118-442D-89BA-09DA8E090BCF}.Debug|x86.ActiveCfg = Debug|iPhone
		{632E1272-C118-442D-89BA-09DA8E090BCF}.Release|Any CPU.ActiveCfg = Release|iPhone
		{632E1272-C118-442D-89BA-09DA8E090BCF}.Release|ARM.ActiveCfg = Release|iPhone
		{632E1272-C118-442D-89BA-09DA8E090BCF}.Release|iPhone.ActiveCfg = Release|iPhone
		{632E1272-C118-442D-89BA-09DA8E090BCF}.Release|iPhone.Build.0 = Release|iPhone
		{632E1272-C118-442D-89BA-09DA8E090BCF}.Release|iPhoneSimulator.ActiveCfg = Release|iPhoneSimulator
		{632E1272-C118-442D-89BA-09DA8E090BCF}.Release|iPhoneSimulator.Build.0 = Release|iPhoneSimulator
		{632E1272-C118-442D-89BA-09DA8E090BCF}.Release|x64.ActiveCfg = Release|iPhone
		{632E1272-C118-442D-89BA-09DA8E090BCF}.Release|x86.ActiveCfg = Release|iPhone
		{2A92CC72-4300-46A3-AF91-1B3665184495}.Debug|Any CPU.ActiveCfg = Debug|x86
		{2A92CC72-4300-46A3-AF91-1B3665184495}.Debug|ARM.ActiveCfg = Debug|ARM
		{2A92CC72-4300-46A3-AF91-1B3665184495}.Debug|ARM.Build.0 = Debug|ARM
		{2A92CC72-4300-46A3-AF91-1B3665184495}.Debug|ARM.Deploy.0 = Debug|ARM
		{2A92CC72-4300-46A3-AF91-1B3665184495}.Debug|iPhone.ActiveCfg = Debug|x86
		{2A92CC72-4300-46A3-AF91-1B3665184495}.Debug|iPhoneSimulator.ActiveCfg = Debug|x86
		{2A92CC72-4300-46A3-AF91-1B3665184495}.Debug|x64.ActiveCfg = Debug|x64
		{2A92CC72-4300-46A3-AF91-1B3665184495}.Debug|x64.Build.0 = Debug|x64
		{2A92CC72-4300-46A3-AF91-1B3665184495}.Debug|x64.Deploy.0 = Debug|x64
		{2A92CC72-4300-46A3-AF91-1B3665184495}.Debug|x86.ActiveCfg = Debug|x86
		{2A92CC72-4300-46A3-AF91-1B3665184495}.Debug|x86.Build.0 = Debug|x86
		{2A92CC72-4300-46A3-AF91-1B3665184495}.Debug|x86.Deploy.0 = Debug|x86
		{2A92CC72-4300-46A3-AF91-1B3665184495}.Release|Any CPU.ActiveCfg = Release|x86
		{2A92CC72-4300-46A3-AF91-1B3665184495}.Release|ARM.ActiveCfg = Release|ARM
		{2A92CC72-4300-46A3-AF91-1B3665184495}.Release|ARM.Build.0 = Release|ARM
		{2A92CC72-4300-46A3-AF91-1B3665184495}.Release|ARM.Deploy.0 = Release|ARM
		{2A92CC72-4300-46A3-AF91-1B3665184495}.Release|iPhone.ActiveCfg = Release|x86
		{2A92CC72-4300-46A3-AF91-1B3665184495}.Release|iPhoneSimulator.ActiveCfg = Release|x86
		{2A92CC72-4300-46A3-AF91-1B3665184495}.Release|x64.ActiveCfg = Release|x64
		{2A92CC72-4300-46A3-AF91-1B3665184495}.Release|x64.Build.0 = Release|x64
		{2A92CC72-4300-46A3-AF91-1B3665184495}.Release|x64.Deploy.0 = Release|x64
		{2A92CC72-4300-46A3-AF91-1B3665184495}.Release|x86.ActiveCfg = Release|x86
		{2A92CC72-4300-46A3-AF91-1B3665184495}.Release|x86.Build.0 = Release|x86
		{2A92CC72-4300-46A3-AF91-1B3665184495}.Release|x86.Deploy.0 = Release|x86
	EndGlobalSection
	GlobalSection(SolutionProperties) = preSolution
		HideSolutionNode = FALSE
	EndGlobalSection
	GlobalSection(ExtensibilityGlobals) = postSolution
		SolutionGuid = {F00318E4-870F-4E40-9C38-A938313AB83F}
	EndGlobalSection
EndGlobal
